
Microsoft Visual Studio Solution File, Format Version 12.00
# Visual Studio Version 16
VisualStudioVersion = 16.0.30804.86
MinimumVisualStudioVersion = 10.0.40219.1
Project("{FAE04EC0-301F-11D3-BF4B-00C04F79EFBC}") = "TheConsole", "TheConsole\TheConsole.csproj", "{3555DFEA-3E28-4519-95E3-5DA41622D4FF}"
EndProject
Project("{FAE04EC0-301F-11D3-BF4B-00C04F79EFBC}") = "API", "API\API.csproj", "{D62139AC-C84A-4086-A4E2-EC9845A95CAF}"
EndProject
Project("{FAE04EC0-301F-11D3-BF4B-00C04F79EFBC}") = "Common", "Common\Common.csproj", "{058D1032-8480-4581-B6E3-EA7B704E233E}"
EndProject
Global
	GlobalSection(SolutionConfigurationPlatforms) = preSolution
		Debug|Any CPU = Debug|Any CPU
		Release|Any CPU = Release|Any CPU
	EndGlobalSection
	GlobalSection(ProjectConfigurationPlatforms) = postSolution
		{3555DFEA-3E28-4519-95E3-5DA41622D4FF}.Debug|Any CPU.ActiveCfg = Debug|Any CPU
		{3555DFEA-3E28-4519-95E3-5DA41622D4FF}.Debug|Any CPU.Build.0 = Debug|Any CPU
		{3555DFEA-3E28-4519-95E3-5DA41622D4FF}.Release|Any CPU.ActiveCfg = Release|Any CPU
		{3555DFEA-3E28-4519-95E3-5DA41622D4FF}.Release|Any CPU.Build.0 = Release|Any CPU
		{D62139AC-C84A-4086-A4E2-EC9845A95CAF}.Debug|Any CPU.ActiveCfg = Debug|Any CPU
		{D62139AC-C84A-4086-A4E2-EC9845A95CAF}.Debug|Any CPU.Build.0 = Debug|Any CPU
		{D62139AC-C84A-4086-A4E2-EC9845A95CAF}.Release|Any CPU.ActiveCfg = Release|Any CPU
		{D62139AC-C84A-4086-A4E2-EC9845A95CAF}.Release|Any CPU.Build.0 = Release|Any CPU
		{058D1032-8480-4581-B6E3-EA7B704E233E}.Debug|Any CPU.ActiveCfg = Debug|Any CPU
		{058D1032-8480-4581-B6E3-EA7B704E233E}.Debug|Any CPU.Build.0 = Debug|Any CPU
		{058D1032-8480-4581-B6E3-EA7B704E233E}.Release|Any CPU.ActiveCfg = Release|Any CPU
		{058D1032-8480-4581-B6E3-EA7B704E233E}.Release|Any CPU.Build.0 = Release|Any CPU
	EndGlobalSection
	GlobalSection(SolutionProperties) = preSolution
		HideSolutionNode = FALSE
	EndGlobalSection
	GlobalSection(ExtensibilityGlobals) = postSolution
		SolutionGuid = {1A7A7613-556B-4F6B-8684-057AD8B535C0}
	EndGlobalSection
EndGlobal
